schema: '2.0'
stages:
  prepare:
    cmd: matlab -nodisplay -r "run('src/prepare.m');quit"
    deps:
    - path: src/prepare.m
      md5: e0e032084353d6a248f5d33d79f18913
      size: 523
    params:
      params.yaml:
        prepare.N: 12
        prepare.seed: 100
    outs:
    - path: data/prepared
      md5: eeaa05cbe847942083d1551bdf3d9eac.dir
      size: 8301997
      nfiles: 1
  analysis:
    cmd: matlab -nodisplay -r "run('src/analysis.m');quit"
    deps:
    - path: data/prepared
      md5: eeaa05cbe847942083d1551bdf3d9eac.dir
      size: 8301997
      nfiles: 1
    - path: src/analysis.m
      md5: 637ef9b3e5fe94d8107b8096ccddc96e
      size: 438
    outs:
    - path: data/roc_stats
      md5: 2eecc69a8e8872bdd7f931166cbfc64e.dir
      size: 8309219
      nfiles: 1
  evaluate:
    cmd: matlab -nodisplay -r "run('src/evaluate.m');quit"
    deps:
    - path: data/roc_stats
      md5: 2eecc69a8e8872bdd7f931166cbfc64e.dir
      size: 8309219
      nfiles: 1
    - path: src/evaluate.m
      md5: 04120cc0bd6c0d6438b17c73d28057d7
      size: 1247
    outs:
    - path: fpr_hbo.json
      md5: f73163c92f591df270932e1b21b59e38
      size: 14617
    - path: fpr_hbr.json
      md5: 0568fb6559950c46e0fd78f261d91b79
      size: 14555
    - path: fpr_joint.json
      md5: 60a1c7088a1aa1b8162dfc1557aa87d4
      size: 14585
    - path: roc_hbo.json
      md5: 66f198b98692b50a630236854ea717c9
      size: 20980
    - path: roc_hbr.json
      md5: 8fb9d00a1a540e23243724bc28b5f059
      size: 21253
    - path: roc_joint.json
      md5: 83be340f38abda2a138e3ca0da320dee
      size: 21067
    - path: scores.json
      md5: cb5ff5a14764c2a0970b38c3cc15a118
      size: 106
