schema: '2.0'
stages:
  prepare:
    cmd: matlab -nodisplay -r "run('src/prepare.m');quit"
    deps:
    - path: src/prepare.m
      md5: e0e032084353d6a248f5d33d79f18913
      size: 523
    params:
      params.yaml:
        prepare.N: 12
        prepare.seed: 123
    outs:
    - path: data/prepared
      md5: 303533ba0ce4caeb97a3322ea794b265.dir
      size: 8302321
      nfiles: 1
  analysis:
    cmd: matlab -nodisplay -r "run('src/analysis.m');quit"
    deps:
    - path: data/prepared
      md5: 303533ba0ce4caeb97a3322ea794b265.dir
      size: 8302321
      nfiles: 1
    - path: src/analysis.m
      md5: 637ef9b3e5fe94d8107b8096ccddc96e
      size: 438
    outs:
    - path: data/roc_stats
      md5: 342e00294cf07e496cbda3ba056e6caf.dir
      size: 8308776
      nfiles: 1
  evaluate:
    cmd: matlab -nodisplay -r "run('src/evaluate.m');quit"
    deps:
    - path: data/roc_stats
      md5: 342e00294cf07e496cbda3ba056e6caf.dir
      size: 8308776
      nfiles: 1
    - path: src/evaluate.m
      md5: 04120cc0bd6c0d6438b17c73d28057d7
      size: 1247
    outs:
    - path: fpr_hbo.json
      md5: 5c5f3eeac4ec3a1c157e8da140171b11
      size: 14807
    - path: fpr_hbr.json
      md5: 0172259d1c70fde969184ebb9849d369
      size: 14579
    - path: fpr_joint.json
      md5: 5251226c52df2be1e6a45b61d6546ea5
      size: 14580
    - path: roc_hbo.json
      md5: b85d1f78f7b149a213cb65ddfabe336d
      size: 21389
    - path: roc_hbr.json
      md5: c27e9b8f39641e2ae195c59bacdaefb9
      size: 21083
    - path: roc_joint.json
      md5: ad18ed005e10ab5694a4d54dac11653c
      size: 20906
    - path: scores.json
      md5: c29c2e13a5baf9d9242f845af27d2bed
      size: 106
